
Microsoft Visual Studio Solution File, Format Version 12.00
# Visual Studio 15
VisualStudioVersion = 15.0.26730.3
MinimumVisualStudioVersion = 10.0.40219.1
Project("{FAE04EC0-301F-11D3-BF4B-00C04F79EFBC}") = "TVHeadEnd", "TVHeadEnd\TVHeadEnd.csproj", "{71407B8C-5BEC-4FD2-8657-8454B39D033E}"
EndProject
Global
	GlobalSection(SolutionConfigurationPlatforms) = preSolution
		Debug|Any CPU = Debug|Any CPU
		Release|Any CPU = Release|Any CPU
	EndGlobalSection
	GlobalSection(ProjectConfigurationPlatforms) = postSolution
		{71407B8C-5BEC-4FD2-8657-8454B39D033E}.Debug|Any CPU.ActiveCfg = Debug|Any CPU
		{71407B8C-5BEC-4FD2-8657-8454B39D033E}.Debug|Any CPU.Build.0 = Debug|Any CPU
		{71407B8C-5BEC-4FD2-8657-8454B39D033E}.Release|Any CPU.ActiveCfg = Release|Any CPU
		{71407B8C-5BEC-4FD2-8657-8454B39D033E}.Release|Any CPU.Build.0 = Release|Any CPU
	EndGlobalSection
	GlobalSection(SolutionProperties) = preSolution
		HideSolutionNode = FALSE
	EndGlobalSection
	GlobalSection(ExtensibilityGlobals) = postSolution
		SolutionGuid = {DA82602B-EF3F-4873-80FF-49D5D91162E0}
	EndGlobalSection
EndGlobal
